
Microsoft Visual Studio Solution File, Format Version 12.00
# Visual Studio 15
VisualStudioVersion = 15.0.26403.7
MinimumVisualStudioVersion = 10.0.40219.1
Project("{FAE04EC0-301F-11D3-BF4B-00C04F79EFBC}") = "CrESTWebAPI_Test", "CrESTWebAPI_Test\CrESTWebAPI_Test.csproj", "{645CFDF7-63A3-4063-A9D7-49390897EE6F}"
EndProject
Project("{FAE04EC0-301F-11D3-BF4B-00C04F79EFBC}") = "CrEST.Models", "CrEST.Models\CrEST.Models.csproj", "{C8D7E9B3-3234-408D-A84E-5C9D7F70AB23}"
EndProject
Project("{FAE04EC0-301F-11D3-BF4B-00C04F79EFBC}") = "CrEST.Data", "CrEST.Data\CrEST.Data.csproj", "{9B20CC9C-B88F-4E54-982D-D9DC9F663453}"
EndProject
Project("{FAE04EC0-301F-11D3-BF4B-00C04F79EFBC}") = "CrEST.BL", "CrEST.BL\CrEST.BL.csproj", "{D285DFD8-D358-45E7-BAE6-069CD0B0D31C}"
EndProject
Global
	GlobalSection(SolutionConfigurationPlatforms) = preSolution
		Debug|Any CPU = Debug|Any CPU
		Release|Any CPU = Release|Any CPU
	EndGlobalSection
	GlobalSection(ProjectConfigurationPlatforms) = postSolution
		{645CFDF7-63A3-4063-A9D7-49390897EE6F}.Debug|Any CPU.ActiveCfg = Debug|Any CPU
		{645CFDF7-63A3-4063-A9D7-49390897EE6F}.Debug|Any CPU.Build.0 = Debug|Any CPU
		{645CFDF7-63A3-4063-A9D7-49390897EE6F}.Release|Any CPU.ActiveCfg = Release|Any CPU
		{645CFDF7-63A3-4063-A9D7-49390897EE6F}.Release|Any CPU.Build.0 = Release|Any CPU
		{C8D7E9B3-3234-408D-A84E-5C9D7F70AB23}.Debug|Any CPU.ActiveCfg = Debug|Any CPU
		{C8D7E9B3-3234-408D-A84E-5C9D7F70AB23}.Debug|Any CPU.Build.0 = Debug|Any CPU
		{C8D7E9B3-3234-408D-A84E-5C9D7F70AB23}.Release|Any CPU.ActiveCfg = Release|Any CPU
		{C8D7E9B3-3234-408D-A84E-5C9D7F70AB23}.Release|Any CPU.Build.0 = Release|Any CPU
		{9B20CC9C-B88F-4E54-982D-D9DC9F663453}.Debug|Any CPU.ActiveCfg = Debug|Any CPU
		{9B20CC9C-B88F-4E54-982D-D9DC9F663453}.Debug|Any CPU.Build.0 = Debug|Any CPU
		{9B20CC9C-B88F-4E54-982D-D9DC9F663453}.Release|Any CPU.ActiveCfg = Release|Any CPU
		{9B20CC9C-B88F-4E54-982D-D9DC9F663453}.Release|Any CPU.Build.0 = Release|Any CPU
		{D285DFD8-D358-45E7-BAE6-069CD0B0D31C}.Debug|Any CPU.ActiveCfg = Debug|Any CPU
		{D285DFD8-D358-45E7-BAE6-069CD0B0D31C}.Debug|Any CPU.Build.0 = Debug|Any CPU
		{D285DFD8-D358-45E7-BAE6-069CD0B0D31C}.Release|Any CPU.ActiveCfg = Release|Any CPU
		{D285DFD8-D358-45E7-BAE6-069CD0B0D31C}.Release|Any CPU.Build.0 = Release|Any CPU
	EndGlobalSection
	GlobalSection(SolutionProperties) = preSolution
		HideSolutionNode = FALSE
	EndGlobalSection
EndGlobal
